// !$*UTF8*$!
{
	archiveVersion = 1;
	classes = {
	};
	objectVersion = 51;
	objects = {

/* Begin PBXBuildFile section */
		076D6B652708C5A800A17B7E /* AppDelegate.swift in Sources */ = {isa = PBXBuildFile; fileRef = 076D6B642708C5A800A17B7E /* AppDelegate.swift */; };
		076D6B672708C5A800A17B7E /* SceneDelegate.swift in Sources */ = {isa = PBXBuildFile; fileRef = 076D6B662708C5A800A17B7E /* SceneDelegate.swift */; };
		076D6B692708C5A800A17B7E /* LoginViewController.swift in Sources */ = {isa = PBXBuildFile; fileRef = 076D6B682708C5A800A17B7E /* LoginViewController.swift */; };
		076D6B6E2708C5AB00A17B7E /* Assets.xcassets in Resources */ = {isa = PBXBuildFile; fileRef = 076D6B6D2708C5AB00A17B7E /* Assets.xcassets */; };
		076D6B712708C5AB00A17B7E /* LaunchScreen.storyboard in Resources */ = {isa = PBXBuildFile; fileRef = 076D6B6F2708C5AB00A17B7E /* LaunchScreen.storyboard */; };
		07DAA389270DF10A00EED1CF /* FeedViewController.swift in Sources */ = {isa = PBXBuildFile; fileRef = 07DAA388270DF10A00EED1CF /* FeedViewController.swift */; };
		07DAA38B270DF11200EED1CF /* CameraViewController.swift in Sources */ = {isa = PBXBuildFile; fileRef = 07DAA38A270DF11200EED1CF /* CameraViewController.swift */; };
		07DAA390270E564B00EED1CF /* PostCell.swift in Sources */ = {isa = PBXBuildFile; fileRef = 07DAA38F270E564B00EED1CF /* PostCell.swift */; };
		81D83D84322CA4A495D8F1FC /* Pods_CodePath_Parstagram.framework in Frameworks */ = {isa = PBXBuildFile; fileRef = F5028893EB8ABF9300BDE2D6 /* Pods_CodePath_Parstagram.framework */; };
/* End PBXBuildFile section */

/* Begin PBXFileReference section */
		076D6B612708C5A800A17B7E /* CodePath-Parstagram.app */ = {isa = PBXFileReference; explicitFileType = wrapper.application; includeInIndex = 0; path = "CodePath-Parstagram.app"; sourceTree = BUILT_PRODUCTS_DIR; };
		076D6B642708C5A800A17B7E /* AppDelegate.swift */ = {isa = PBXFileReference; lastKnownFileType = sourcecode.swift; path = AppDelegate.swift; sourceTree = "<group>"; };
		076D6B662708C5A800A17B7E /* SceneDelegate.swift */ = {isa = PBXFileReference; lastKnownFileType = sourcecode.swift; path = SceneDelegate.swift; sourceTree = "<group>"; };
		076D6B682708C5A800A17B7E /* LoginViewController.swift */ = {isa = PBXFileReference; lastKnownFileType = sourcecode.swift; path = LoginViewController.swift; sourceTree = "<group>"; };
		076D6B6D2708C5AB00A17B7E /* Assets.xcassets */ = {isa = PBXFileReference; lastKnownFileType = folder.assetcatalog; path = Assets.xcassets; sourceTree = "<group>"; };
		076D6B702708C5AB00A17B7E /* Base */ = {isa = PBXFileReference; lastKnownFileType = file.storyboard; name = Base; path = Base.lproj/LaunchScreen.storyboard; sourceTree = "<group>"; };
		076D6B722708C5AB00A17B7E /* Info.plist */ = {isa = PBXFileReference; lastKnownFileType = text.plist.xml; path = Info.plist; sourceTree = "<group>"; };
		07DAA388270DF10A00EED1CF /* FeedViewController.swift */ = {isa = PBXFileReference; lastKnownFileType = sourcecode.swift; path = FeedViewController.swift; sourceTree = "<group>"; };
		07DAA38A270DF11200EED1CF /* CameraViewController.swift */ = {isa = PBXFileReference; lastKnownFileType = sourcecode.swift; path = CameraViewController.swift; sourceTree = "<group>"; };
		07DAA38F270E564B00EED1CF /* PostCell.swift */ = {isa = PBXFileReference; lastKnownFileType = sourcecode.swift; path = PostCell.swift; sourceTree = "<group>"; };
		4F705CCC5D5FF99C86E22BFA /* Pods-CodePath-Parstagram.debug.xcconfig */ = {isa = PBXFileReference; includeInIndex = 1; lastKnownFileType = text.xcconfig; name = "Pods-CodePath-Parstagram.debug.xcconfig"; path = "Target Support Files/Pods-CodePath-Parstagram/Pods-CodePath-Parstagram.debug.xcconfig"; sourceTree = "<group>"; };
		7481D556B5FF8471CFAA406F /* Pods-CodePath-Parstagram.release.xcconfig */ = {isa = PBXFileReference; includeInIndex = 1; lastKnownFileType = text.xcconfig; name = "Pods-CodePath-Parstagram.release.xcconfig"; path = "Target Support Files/Pods-CodePath-Parstagram/Pods-CodePath-Parstagram.release.xcconfig"; sourceTree = "<group>"; };
		F5028893EB8ABF9300BDE2D6 /* Pods_CodePath_Parstagram.framework */ = {isa = PBXFileReference; explicitFileType = wrapper.framework; includeInIndex = 0; path = Pods_CodePath_Parstagram.framework; sourceTree = BUILT_PRODUCTS_DIR; };
/* End PBXFileReference section */

/* Begin PBXFrameworksBuildPhase section */
		076D6B5E2708C5A800A17B7E /* Frameworks */ = {
			isa = PBXFrameworksBuildPhase;
			buildActionMask = 2147483647;
			files = (
				81D83D84322CA4A495D8F1FC /* Pods_CodePath_Parstagram.framework in Frameworks */,
			);
			runOnlyForDeploymentPostprocessing = 0;
		};
/* End PBXFrameworksBuildPhase section */

/* Begin PBXGroup section */
		076D6B582708C5A800A17B7E = {
			isa = PBXGroup;
			children = (
				076D6B632708C5A800A17B7E /* CodePath-Parstagram */,
				076D6B622708C5A800A17B7E /* Products */,
				E5E6475E283F1C554221ADA1 /* Pods */,
				CF6219B8FFD5348AB7ACB876 /* Frameworks */,
			);
			sourceTree = "<group>";
		};
		076D6B622708C5A800A17B7E /* Products */ = {
			isa = PBXGroup;
			children = (
				076D6B612708C5A800A17B7E /* CodePath-Parstagram.app */,
			);
			name = Products;
			sourceTree = "<group>";
		};
		076D6B632708C5A800A17B7E /* CodePath-Parstagram */ = {
			isa = PBXGroup;
			children = (
				07DAA387270DF0F900EED1CF /* ViewControllers */,
				076D6B642708C5A800A17B7E /* AppDelegate.swift */,
				076D6B662708C5A800A17B7E /* SceneDelegate.swift */,
				076D6B6D2708C5AB00A17B7E /* Assets.xcassets */,
				076D6B6F2708C5AB00A17B7E /* LaunchScreen.storyboard */,
				076D6B722708C5AB00A17B7E /* Info.plist */,
				07DAA38F270E564B00EED1CF /* PostCell.swift */,
			);
			path = "CodePath-Parstagram";
			sourceTree = "<group>";
		};
		07DAA387270DF0F900EED1CF /* ViewControllers */ = {
			isa = PBXGroup;
			children = (
				076D6B682708C5A800A17B7E /* LoginViewController.swift */,
				07DAA388270DF10A00EED1CF /* FeedViewController.swift */,
				07DAA38A270DF11200EED1CF /* CameraViewController.swift */,
			);
			path = ViewControllers;
			sourceTree = "<group>";
		};
		CF6219B8FFD5348AB7ACB876 /* Frameworks */ = {
			isa = PBXGroup;
			children = (
				F5028893EB8ABF9300BDE2D6 /* Pods_CodePath_Parstagram.framework */,
			);
			name = Frameworks;
			sourceTree = "<group>";
		};
		E5E6475E283F1C554221ADA1 /* Pods */ = {
			isa = PBXGroup;
			children = (
				4F705CCC5D5FF99C86E22BFA /* Pods-CodePath-Parstagram.debug.xcconfig */,
				7481D556B5FF8471CFAA406F /* Pods-CodePath-Parstagram.release.xcconfig */,
			);
			path = Pods;
			sourceTree = "<group>";
		};
/* End PBXGroup section */

/* Begin PBXNativeTarget section */
		076D6B602708C5A800A17B7E /* CodePath-Parstagram */ = {
			isa = PBXNativeTarget;
			buildConfigurationList = 076D6B752708C5AB00A17B7E /* Build configuration list for PBXNativeTarget "CodePath-Parstagram" */;
			buildPhases = (
				E32B5DE2F69ABE74F023E34E /* [CP] Check Pods Manifest.lock */,
				076D6B5D2708C5A800A17B7E /* Sources */,
				076D6B5E2708C5A800A17B7E /* Frameworks */,
				076D6B5F2708C5A800A17B7E /* Resources */,
				C5D99A23F2974DA7518C5D23 /* [CP] Embed Pods Frameworks */,
			);
			buildRules = (
			);
			dependencies = (
			);
			name = "CodePath-Parstagram";
			productName = "CodePath-Parstagram";
			productReference = 076D6B612708C5A800A17B7E /* CodePath-Parstagram.app */;
			productType = "com.apple.product-type.application";
		};
/* End PBXNativeTarget section */

/* Begin PBXProject section */
		076D6B592708C5A800A17B7E /* Project object */ = {
			isa = PBXProject;
			attributes = {
				LastSwiftUpdateCheck = 1250;
				LastUpgradeCheck = 1250;
				TargetAttributes = {
					076D6B602708C5A800A17B7E = {
						CreatedOnToolsVersion = 12.5;
					};
				};
			};
			buildConfigurationList = 076D6B5C2708C5A800A17B7E /* Build configuration list for PBXProject "CodePath-Parstagram" */;
			compatibilityVersion = "Xcode 9.3";
			developmentRegion = en;
			hasScannedForEncodings = 0;
			knownRegions = (
				en,
				Base,
			);
			mainGroup = 076D6B582708C5A800A17B7E;
			productRefGroup = 076D6B622708C5A800A17B7E /* Products */;
			projectDirPath = "";
			projectRoot = "";
			targets = (
				076D6B602708C5A800A17B7E /* CodePath-Parstagram */,
			);
		};
/* End PBXProject section */

/* Begin PBXResourcesBuildPhase section */
		076D6B5F2708C5A800A17B7E /* Resources */ = {
			isa = PBXResourcesBuildPhase;
			buildActionMask = 2147483647;
			files = (
				076D6B712708C5AB00A17B7E /* LaunchScreen.storyboard in Resources */,
				076D6B6E2708C5AB00A17B7E /* Assets.xcassets in Resources */,
			);
			runOnlyForDeploymentPostprocessing = 0;
		};
/* End PBXResourcesBuildPhase section */

/* Begin PBXShellScriptBuildPhase section */
		C5D99A23F2974DA7518C5D23 /* [CP] Embed Pods Frameworks */ = {
			isa = PBXShellScriptBuildPhase;
			buildActionMask = 2147483647;
			files = (
			);
			inputFileListPaths = (
				"${PODS_ROOT}/Target Support Files/Pods-CodePath-Parstagram/Pods-CodePath-Parstagram-frameworks-${CONFIGURATION}-input-files.xcfilelist",
			);
			name = "[CP] Embed Pods Frameworks";
			outputFileListPaths = (
				"${PODS_ROOT}/Target Support Files/Pods-CodePath-Parstagram/Pods-CodePath-Parstagram-frameworks-${CONFIGURATION}-output-files.xcfilelist",
			);
			runOnlyForDeploymentPostprocessing = 0;
			shellPath = /bin/sh;
			shellScript = "\"${PODS_ROOT}/Target Support Files/Pods-CodePath-Parstagram/Pods-CodePath-Parstagram-frameworks.sh\"\n";
			showEnvVarsInLog = 0;
		};
		E32B5DE2F69ABE74F023E34E /* [CP] Check Pods Manifest.lock */ = {
			isa = PBXShellScriptBuildPhase;
			buildActionMask = 2147483647;
			files = (
			);
			inputFileListPaths = (
			);
			inputPaths = (
				"${PODS_PODFILE_DIR_PATH}/Podfile.lock",
				"${PODS_ROOT}/Manifest.lock",
			);
			name = "[CP] Check Pods Manifest.lock";
			outputFileListPaths = (
			);
			outputPaths = (
				"$(DERIVED_FILE_DIR)/Pods-CodePath-Parstagram-checkManifestLockResult.txt",
			);
			runOnlyForDeploymentPostprocessing = 0;
			shellPath = /bin/sh;
			shellScript = "diff \"${PODS_PODFILE_DIR_PATH}/Podfile.lock\" \"${PODS_ROOT}/Manifest.lock\" > /dev/null\nif [ $? != 0 ] ; then\n    # print error to STDERR\n    echo \"error: The sandbox is not in sync with the Podfile.lock. Run 'pod install' or update your CocoaPods installation.\" >&2\n    exit 1\nfi\n# This output is used by Xcode 'outputs' to avoid re-running this script phase.\necho \"SUCCESS\" > \"${SCRIPT_OUTPUT_FILE_0}\"\n";
			showEnvVarsInLog = 0;
		};
/* End PBXShellScriptBuildPhase section */

/* Begin PBXSourcesBuildPhase section */
		076D6B5D2708C5A800A17B7E /* Sources */ = {
			isa = PBXSourcesBuildPhase;
			buildActionMask = 2147483647;
			files = (
				076D6B692708C5A800A17B7E /* LoginViewController.swift in Sources */,
				07DAA38B270DF11200EED1CF /* CameraViewController.swift in Sources */,
				076D6B652708C5A800A17B7E /* AppDelegate.swift in Sources */,
				07DAA389270DF10A00EED1CF /* FeedViewController.swift in Sources */,
				076D6B672708C5A800A17B7E /* SceneDelegate.swift in Sources */,
				07DAA390270E564B00EED1CF /* PostCell.swift in Sources */,
			);
			runOnlyForDeploymentPostprocessing = 0;
		};
/* End PBXSourcesBuildPhase section */

/* Begin PBXVariantGroup section */
		076D6B6F2708C5AB00A17B7E /* LaunchScreen.storyboard */ = {
			isa = PBXVariantGroup;
			children = (
				076D6B702708C5AB00A17B7E /* Base */,
			);
			name = LaunchScreen.storyboard;
			sourceTree = "<group>";
		};
/* End PBXVariantGroup section */

/* Begin XCBuildConfiguration section */
		076D6B732708C5AB00A17B7E /* Debug */ = {
			isa = XCBuildConfiguration;
			buildSettings = {
				ALWAYS_SEARCH_USER_PATHS = NO;
				CLANG_ANALYZER_NONNULL = YES;
				CLANG_ANALYZER_NUMBER_OBJECT_CONVERSION = YES_AGGRESSIVE;
				CLANG_CXX_LANGUAGE_STANDARD = "gnu++14";
				CLANG_CXX_LIBRARY = "libc++";
				CLANG_ENABLE_MODULES = YES;
				CLANG_ENABLE_OBJC_ARC = YES;
				CLANG_ENABLE_OBJC_WEAK = YES;
				CLANG_WARN_BLOCK_CAPTURE_AUTORELEASING = YES;
				CLANG_WARN_BOOL_CONVERSION = YES;
				CLANG_WARN_COMMA = YES;
				CLANG_WARN_CONSTANT_CONVERSION = YES;
				CLANG_WARN_DEPRECATED_OBJC_IMPLEMENTATIONS = YES;
				CLANG_WARN_DIRECT_OBJC_ISA_USAGE = YES_ERROR;
				CLANG_WARN_DOCUMENTATION_COMMENTS = YES;
				CLANG_WARN_EMPTY_BODY = YES;
				CLANG_WARN_ENUM_CONVERSION = YES;
				CLANG_WARN_INFINITE_RECURSION = YES;
				CLANG_WARN_INT_CONVERSION = YES;
				CLANG_WARN_NON_LITERAL_NULL_CONVERSION = YES;
				CLANG_WARN_OBJC_IMPLICIT_RETAIN_SELF = YES;
				CLANG_WARN_OBJC_LITERAL_CONVERSION = YES;
				CLANG_WARN_OBJC_ROOT_CLASS = YES_ERROR;
				CLANG_WARN_QUOTED_INCLUDE_IN_FRAMEWORK_HEADER = YES;
				CLANG_WARN_RANGE_LOOP_ANALYSIS = YES;
				CLANG_WARN_STRICT_PROTOTYPES = YES;
				CLANG_WARN_SUSPICIOUS_MOVE = YES;
				CLANG_WARN_UNGUARDED_AVAILABILITY = YES_AGGRESSIVE;
				CLANG_WARN_UNREACHABLE_CODE = YES;
				CLANG_WARN__DUPLICATE_METHOD_MATCH = YES;
				COPY_PHASE_STRIP = NO;
				DEBUG_INFORMATION_FORMAT = dwarf;
				ENABLE_STRICT_OBJC_MSGSEND = YES;
				ENABLE_TESTABILITY = YES;
				GCC_C_LANGUAGE_STANDARD = gnu11;
				GCC_DYNAMIC_NO_PIC = NO;
				GCC_NO_COMMON_BLOCKS = YES;
				GCC_OPTIMIZATION_LEVEL = 0;
				GCC_PREPROCESSOR_DEFINITIONS = (
					"DEBUG=1",
					"$(inherited)",
				);
				GCC_WARN_64_TO_32_BIT_CONVERSION = YES;
				GCC_WARN_ABOUT_RETURN_TYPE = YES_ERROR;
				GCC_WARN_UNDECLARED_SELECTOR = YES;
				GCC_WARN_UNINITIALIZED_AUTOS = YES_AGGRESSIVE;
				GCC_WARN_UNUSED_FUNCTION = YES;
				GCC_WARN_UNUSED_VARIABLE = YES;
				IPHONEOS_DEPLOYMENT_TARGET = 14.5;
				MTL_ENABLE_DEBUG_INFO = INCLUDE_SOURCE;
				MTL_FAST_MATH = YES;
				ONLY_ACTIVE_ARCH = YES;
				SDKROOT = iphoneos;
				SWIFT_ACTIVE_COMPILATION_CONDITIONS = DEBUG;
				SWIFT_OPTIMIZATION_LEVEL = "-Onone";
			};
			name = Debug;
		};
		076D6B742708C5AB00A17B7E /* Release */ = {
			isa = XCBuildConfiguration;
			buildSettings = {
				ALWAYS_SEARCH_USER_PATHS = NO;
				CLANG_ANALYZER_NONNULL = YES;
				CLANG_ANALYZER_NUMBER_OBJECT_CONVERSION = YES_AGGRESSIVE;
				CLANG_CXX_LANGUAGE_STANDARD = "gnu++14";
				CLANG_CXX_LIBRARY = "libc++";
				CLANG_ENABLE_MODULES = YES;
				CLANG_ENABLE_OBJC_ARC = YES;
				CLANG_ENABLE_OBJC_WEAK = YES;
				CLANG_WARN_BLOCK_CAPTURE_AUTORELEASING = YES;
				CLANG_WARN_BOOL_CONVERSION = YES;
				CLANG_WARN_COMMA = YES;
				CLANG_WARN_CONSTANT_CONVERSION = YES;
				CLANG_WARN_DEPRECATED_OBJC_IMPLEMENTATIONS = YES;
				CLANG_WARN_DIRECT_OBJC_ISA_USAGE = YES_ERROR;
				CLANG_WARN_DOCUMENTATION_COMMENTS = YES;
				CLANG_WARN_EMPTY_BODY = YES;
				CLANG_WARN_ENUM_CONVERSION = YES;
				CLANG_WARN_INFINITE_RECURSION = YES;
				CLANG_WARN_INT_CONVERSION = YES;
				CLANG_WARN_NON_LITERAL_NULL_CONVERSION = YES;
				CLANG_WARN_OBJC_IMPLICIT_RETAIN_SELF = YES;
				CLANG_WARN_OBJC_LITERAL_CONVERSION = YES;
				CLANG_WARN_OBJC_ROOT_CLASS = YES_ERROR;
				CLANG_WARN_QUOTED_INCLUDE_IN_FRAMEWORK_HEADER = YES;
				CLANG_WARN_RANGE_LOOP_ANALYSIS = YES;
				CLANG_WARN_STRICT_PROTOTYPES = YES;
				CLANG_WARN_SUSPICIOUS_MOVE = YES;
				CLANG_WARN_UNGUARDED_AVAILABILITY = YES_AGGRESSIVE;
				CLANG_WARN_UNREACHABLE_CODE = YES;
				CLANG_WARN__DUPLICATE_METHOD_MATCH = YES;
				COPY_PHASE_STRIP = NO;
				DEBUG_INFORMATION_FORMAT = "dwarf-with-dsym";
				ENABLE_NS_ASSERTIONS = NO;
				ENABLE_STRICT_OBJC_MSGSEND = YES;
				GCC_C_LANGUAGE_STANDARD = gnu11;
				GCC_NO_COMMON_BLOCKS = YES;
				GCC_WARN_64_TO_32_BIT_CONVERSION = YES;
				GCC_WARN_ABOUT_RETURN_TYPE = YES_ERROR;
				GCC_WARN_UNDECLARED_SELECTOR = YES;
				GCC_WARN_UNINITIALIZED_AUTOS = YES_AGGRESSIVE;
				GCC_WARN_UNUSED_FUNCTION = YES;
				GCC_WARN_UNUSED_VARIABLE = YES;
				IPHONEOS_DEPLOYMENT_TARGET = 14.5;
				MTL_ENABLE_DEBUG_INFO = NO;
				MTL_FAST_MATH = YES;
				SDKROOT = iphoneos;
				SWIFT_COMPILATION_MODE = wholemodule;
				SWIFT_OPTIMIZATION_LEVEL = "-O";
				VALIDATE_PRODUCT = YES;
			};
			name = Release;
		};
		076D6B762708C5AB00A17B7E /* Debug */ = {
			isa = XCBuildConfiguration;
			baseConfigurationReference = 4F705CCC5D5FF99C86E22BFA /* Pods-CodePath-Parstagram.debug.xcconfig */;
			buildSettings = {
				ASSETCATALOG_COMPILER_APPICON_NAME = AppIcon;
				ASSETCATALOG_COMPILER_GLOBAL_ACCENT_COLOR_NAME = AccentColor;
				CODE_SIGN_STYLE = Automatic;
				DEVELOPMENT_TEAM = 2LG7N2H9LJ;
				INFOPLIST_FILE = "CodePath-Parstagram/Info.plist";
				LD_RUNPATH_SEARCH_PATHS = (
					"$(inherited)",
					"@executable_path/Frameworks",
				);
				PRODUCT_BUNDLE_IDENTIFIER = "com.denielle-abaquita.CodePath-Parstagram";
				PRODUCT_NAME = "$(TARGET_NAME)";
				SWIFT_VERSION = 5.0;
				TARGETED_DEVICE_FAMILY = "1,2";
			};
			name = Debug;
		};
		076D6B772708C5AB00A17B7E /* Release */ = {
			isa = XCBuildConfiguration;
			baseConfigurationReference = 7481D556B5FF8471CFAA406F /* Pods-CodePath-Parstagram.release.xcconfig */;
			buildSettings = {
				ASSETCATALOG_COMPILER_APPICON_NAME = AppIcon;
				ASSETCATALOG_COMPILER_GLOBAL_ACCENT_COLOR_NAME = AccentColor;
				CODE_SIGN_STYLE = Automatic;
				DEVELOPMENT_TEAM = 2LG7N2H9LJ;
				INFOPLIST_FILE = "CodePath-Parstagram/Info.plist";
				LD_RUNPATH_SEARCH_PATHS = (
					"$(inherited)",
					"@executable_path/Frameworks",
				);
				PRODUCT_BUNDLE_IDENTIFIER = "com.denielle-abaquita.CodePath-Parstagram";
				PRODUCT_NAME = "$(TARGET_NAME)";
				SWIFT_VERSION = 5.0;
				TARGETED_DEVICE_FAMILY = "1,2";
			};
			name = Release;
		};
/* End XCBuildConfiguration section */

/* Begin XCConfigurationList section */
		076D6B5C2708C5A800A17B7E /* Build configuration list for PBXProject "CodePath-Parstagram" */ = {
			isa = XCConfigurationList;
			buildConfigurations = (
				076D6B732708C5AB00A17B7E /* Debug */,
				076D6B742708C5AB00A17B7E /* Release */,
			);
			defaultConfigurationIsVisible = 0;
			defaultConfigurationName = Release;
		};
		076D6B752708C5AB00A17B7E /* Build configuration list for PBXNativeTarget "CodePath-Parstagram" */ = {
			isa = XCConfigurationList;
			buildConfigurations = (
				076D6B762708C5AB00A17B7E /* Debug */,
				076D6B772708C5AB00A17B7E /* Release */,
			);
			defaultConfigurationIsVisible = 0;
			defaultConfigurationName = Release;
		};
/* End XCConfigurationList section */
	};
	rootObject = 076D6B592708C5A800A17B7E /* Project object */;
}
